{
  "name": "vue-native-menubar",
  "version": "0.1.0",
  "lockfileVersion": 1,
  "requires": true,
  "dependencies": {
    "@joe_kerr/stackthemmodals": {
      "version": "1.0.7",
      "resolved": "https://registry.npmjs.org/@joe_kerr/stackthemmodals/-/stackthemmodals-1.0.7.tgz",
      "integrity": "sha512-ZugSG2FVrkxTRfFPR9Z0fNg3BPJCCid4mpSq2qpdedR6NooilWkdLHG0YuXfIW5LVgBsya+uIXhYRC00lyWSiw=="
    }
  }
}
